Microsoft Visual Studio Solution File, Format Version 12.00
# Visual Studio Version 17
VisualStudioVersion = 17.5.2.0
MinimumVisualStudioVersion = 10.0.40219.1
Project("{FAE04EC0-301F-11D3-BF4B-00C04F79EFBC}") = "Raylib-CSharp-Vinculum-Test", "Raylib-CSharp-Vinculum-Test.csproj", "{E40498FA-017F-A274-F866-2371BAB27747}"
EndProject
Global
	GlobalSection(SolutionConfigurationPlatforms) = preSolution
		Debug|Any CPU = Debug|Any CPU
		Release|Any CPU = Release|Any CPU
	EndGlobalSection
	GlobalSection(ProjectConfigurationPlatforms) = postSolution
		{E40498FA-017F-A274-F866-2371BAB27747}.Debug|Any CPU.ActiveCfg = Debug|Any CPU
		{E40498FA-017F-A274-F866-2371BAB27747}.Debug|Any CPU.Build.0 = Debug|Any CPU
		{E40498FA-017F-A274-F866-2371BAB27747}.Release|Any CPU.ActiveCfg = Release|Any CPU
		{E40498FA-017F-A274-F866-2371BAB27747}.Release|Any CPU.Build.0 = Release|Any CPU
	EndGlobalSection
	GlobalSection(SolutionProperties) = preSolution
		HideSolutionNode = FALSE
	EndGlobalSection
	GlobalSection(ExtensibilityGlobals) = postSolution
		SolutionGuid = {66B3BAED-6B2A-450C-8DC7-76F8D0B8F3DE}
	EndGlobalSection
EndGlobal
